// !$*UTF8*$!
{
	archiveVersion = 1;
	classes = {
	};
	objectVersion = 56;
	objects = {

/* Begin PBXBuildFile section */
		16D318F02B91FE8300BE36DC /* MimuAIApp.swift in Sources */ = {isa = PBXBuildFile; fileRef = 16D318EF2B91FE8300BE36DC /* MimuAIApp.swift */; };
		16D318F22B91FE8300BE36DC /* ContentView.swift in Sources */ = {isa = PBXBuildFile; fileRef = 16D318F12B91FE8300BE36DC /* ContentView.swift */; };
		16D318F42B91FE8700BE36DC /* Assets.xcassets in Resources */ = {isa = PBXBuildFile; fileRef = 16D318F32B91FE8700BE36DC /* Assets.xcassets */; };
		16D318F82B91FE8700BE36DC /* Preview Assets.xcassets in Resources */ = {isa = PBXBuildFile; fileRef = 16D318F72B91FE8700BE36DC /* Preview Assets.xcassets */; };
		16D319022B91FE8700BE36DC /* MimuAITests.swift in Sources */ = {isa = PBXBuildFile; fileRef = 16D319012B91FE8700BE36DC /* MimuAITests.swift */; };
		16D3190C2B91FE8700BE36DC /* MimuAIUITests.swift in Sources */ = {isa = PBXBuildFile; fileRef = 16D3190B2B91FE8700BE36DC /* MimuAIUITests.swift */; };
		16D3190E2B91FE8700BE36DC /* MimuAIUITestsLaunchTests.swift in Sources */ = {isa = PBXBuildFile; fileRef = 16D3190D2B91FE8700BE36DC /* MimuAIUITestsLaunchTests.swift */; };
		16D319232B9222AD00BE36DC /* GlowButton.swift in Sources */ = {isa = PBXBuildFile; fileRef = 16D319222B9222AD00BE36DC /* GlowButton.swift */; };
		16D319282B92280400BE36DC /* VideoCaptureService.swift in Sources */ = {isa = PBXBuildFile; fileRef = 16D319272B92280400BE36DC /* VideoCaptureService.swift */; };
		16D3192A2B922AD700BE36DC /* VideoCaptureTypes.swift in Sources */ = {isa = PBXBuildFile; fileRef = 16D319292B922AD700BE36DC /* VideoCaptureTypes.swift */; };
		16D319322B92CFCF00BE36DC /* CoreAPIService.swift in Sources */ = {isa = PBXBuildFile; fileRef = 16D319312B92CFCF00BE36DC /* CoreAPIService.swift */; };
		16D319342B92D08D00BE36DC /* CoreAPIType.swift in Sources */ = {isa = PBXBuildFile; fileRef = 16D319332B92D08D00BE36DC /* CoreAPIType.swift */; };
		8F888C5A2B934CE700832B2E /* HistoryView.swift in Sources */ = {isa = PBXBuildFile; fileRef = 8F888C592B934CE700832B2E /* HistoryView.swift */; };
		8F888C5C2B934CF600832B2E /* SettingsView.swift in Sources */ = {isa = PBXBuildFile; fileRef = 8F888C5B2B934CF600832B2E /* SettingsView.swift */; };
		8F888C5E2B934F0500832B2E /* TranslatorView.swift in Sources */ = {isa = PBXBuildFile; fileRef = 8F888C5D2B934F0500832B2E /* TranslatorView.swift */; };
		8F888C612B9359C300832B2E /* Title.swift in Sources */ = {isa = PBXBuildFile; fileRef = 8F888C602B9359C300832B2E /* Title.swift */; };
		8F888C642B936FE600832B2E /* HistoryList.swift in Sources */ = {isa = PBXBuildFile; fileRef = 8F888C632B936FE600832B2E /* HistoryList.swift */; };
		8F888C672B93701F00832B2E /* HistoryListItem.swift in Sources */ = {isa = PBXBuildFile; fileRef = 8F888C662B93701F00832B2E /* HistoryListItem.swift */; };
		8F888C6C2B93843F00832B2E /* VideoButton.swift in Sources */ = {isa = PBXBuildFile; fileRef = 8F888C6B2B93843F00832B2E /* VideoButton.swift */; };
		8F888C702B93F75C00832B2E /* UserProfile.swift in Sources */ = {isa = PBXBuildFile; fileRef = 8F888C6F2B93F75C00832B2E /* UserProfile.swift */; };
		8F888C732B93F78F00832B2E /* ListSettingItem.swift in Sources */ = {isa = PBXBuildFile; fileRef = 8F888C722B93F78F00832B2E /* ListSettingItem.swift */; };
		8F888C762B9406CF00832B2E /* ListSettings.swift in Sources */ = {isa = PBXBuildFile; fileRef = 8F888C752B9406CF00832B2E /* ListSettings.swift */; };
		949DA7412BEF561C008F12B5 /* H264Encoder.swift in Sources */ = {isa = PBXBuildFile; fileRef = 949DA73F2BEF561C008F12B5 /* H264Encoder.swift */; };
		949DA7442BEF5647008F12B5 /* VideoCaptureView.swift in Sources */ = {isa = PBXBuildFile; fileRef = 949DA7422BEF5647008F12B5 /* VideoCaptureView.swift */; };
		949DA7452BEF5647008F12B5 /* CameraView.swift in Sources */ = {isa = PBXBuildFile; fileRef = 949DA7432BEF5647008F12B5 /* CameraView.swift */; };
		94E962672BF115FC00CD7DDA /* AboutView.swift in Sources */ = {isa = PBXBuildFile; fileRef = 94E962662BF115FC00CD7DDA /* AboutView.swift */; };
		CE4D183D2BEB5285009DD421 /* EditAccountView.swift in Sources */ = {isa = PBXBuildFile; fileRef = CE4D183C2BEB5285009DD421 /* EditAccountView.swift */; };
		CE4D18402BEB5964009DD421 /* EditAccountItem.swift in Sources */ = {isa = PBXBuildFile; fileRef = CE4D183F2BEB5964009DD421 /* EditAccountItem.swift */; };
		CE4D18432BEB60EB009DD421 /* SimpleButton.swift in Sources */ = {isa = PBXBuildFile; fileRef = CE4D18422BEB60EB009DD421 /* SimpleButton.swift */; };
		CE4D18462BEB75B2009DD421 /* CustomNavBarView.swift in Sources */ = {isa = PBXBuildFile; fileRef = CE4D18452BEB75B2009DD421 /* CustomNavBarView.swift */; };
		CE4D18482BEB7712009DD421 /* CustomNavBarContainerView.swift in Sources */ = {isa = PBXBuildFile; fileRef = CE4D18472BEB7712009DD421 /* CustomNavBarContainerView.swift */; };
		CE4D184A2BEB7A1C009DD421 /* CustomNavLink.swift in Sources */ = {isa = PBXBuildFile; fileRef = CE4D18492BEB7A1C009DD421 /* CustomNavLink.swift */; };
		CE4D184C2BEB9733009DD421 /* SubscriptionView.swift in Sources */ = {isa = PBXBuildFile; fileRef = CE4D184B2BEB9733009DD421 /* SubscriptionView.swift */; };
/* End PBXBuildFile section */

/* Begin PBXContainerItemProxy section */
		16D318FE2B91FE8700BE36DC /* PBXContainerItemProxy */ = {
			isa = PBXContainerItemProxy;
			containerPortal = 16D318E42B91FE8300BE36DC /* Project object */;
			proxyType = 1;
			remoteGlobalIDString = 16D318EB2B91FE8300BE36DC;
			remoteInfo = MimuAI;
		};
		16D319082B91FE8700BE36DC /* PBXContainerItemProxy */ = {
			isa = PBXContainerItemProxy;
			containerPortal = 16D318E42B91FE8300BE36DC /* Project object */;
			proxyType = 1;
			remoteGlobalIDString = 16D318EB2B91FE8300BE36DC;
			remoteInfo = MimuAI;
		};
/* End PBXContainerItemProxy section */

/* Begin PBXFileReference section */
		16D318EC2B91FE8300BE36DC /* MimuAI.app */ = {isa = PBXFileReference; explicitFileType = wrapper.application; includeInIndex = 0; path = MimuAI.app; sourceTree = BUILT_PRODUCTS_DIR; };
		16D318EF2B91FE8300BE36DC /* MimuAIApp.swift */ = {isa = PBXFileReference; lastKnownFileType = sourcecode.swift; path = MimuAIApp.swift; sourceTree = "<group>"; };
		16D318F12B91FE8300BE36DC /* ContentView.swift */ = {isa = PBXFileReference; lastKnownFileType = sourcecode.swift; path = ContentView.swift; sourceTree = "<group>"; };
		16D318F32B91FE8700BE36DC /* Assets.xcassets */ = {isa = PBXFileReference; lastKnownFileType = folder.assetcatalog; path = Assets.xcassets; sourceTree = "<group>"; };
		16D318F52B91FE8700BE36DC /* MimuAI.entitlements */ = {isa = PBXFileReference; lastKnownFileType = text.plist.entitlements; path = MimuAI.entitlements; sourceTree = "<group>"; };
		16D318F72B91FE8700BE36DC /* Preview Assets.xcassets */ = {isa = PBXFileReference; lastKnownFileType = folder.assetcatalog; path = "Preview Assets.xcassets"; sourceTree = "<group>"; };
		16D318FD2B91FE8700BE36DC /* MimuAITests.xctest */ = {isa = PBXFileReference; explicitFileType = wrapper.cfbundle; includeInIndex = 0; path = MimuAITests.xctest; sourceTree = BUILT_PRODUCTS_DIR; };
		16D319012B91FE8700BE36DC /* MimuAITests.swift */ = {isa = PBXFileReference; lastKnownFileType = sourcecode.swift; path = MimuAITests.swift; sourceTree = "<group>"; };
		16D319072B91FE8700BE36DC /* MimuAIUITests.xctest */ = {isa = PBXFileReference; explicitFileType = wrapper.cfbundle; includeInIndex = 0; path = MimuAIUITests.xctest; sourceTree = BUILT_PRODUCTS_DIR; };
		16D3190B2B91FE8700BE36DC /* MimuAIUITests.swift */ = {isa = PBXFileReference; lastKnownFileType = sourcecode.swift; path = MimuAIUITests.swift; sourceTree = "<group>"; };
		16D3190D2B91FE8700BE36DC /* MimuAIUITestsLaunchTests.swift */ = {isa = PBXFileReference; lastKnownFileType = sourcecode.swift; path = MimuAIUITestsLaunchTests.swift; sourceTree = "<group>"; };
		16D319222B9222AD00BE36DC /* GlowButton.swift */ = {isa = PBXFileReference; lastKnownFileType = sourcecode.swift; path = GlowButton.swift; sourceTree = "<group>"; };
		16D319272B92280400BE36DC /* VideoCaptureService.swift */ = {isa = PBXFileReference; lastKnownFileType = sourcecode.swift; path = VideoCaptureService.swift; sourceTree = "<group>"; };
		16D319292B922AD700BE36DC /* VideoCaptureTypes.swift */ = {isa = PBXFileReference; lastKnownFileType = sourcecode.swift; path = VideoCaptureTypes.swift; sourceTree = "<group>"; };
		16D319312B92CFCF00BE36DC /* CoreAPIService.swift */ = {isa = PBXFileReference; lastKnownFileType = sourcecode.swift; path = CoreAPIService.swift; sourceTree = "<group>"; };
		16D319332B92D08D00BE36DC /* CoreAPIType.swift */ = {isa = PBXFileReference; lastKnownFileType = sourcecode.swift; path = CoreAPIType.swift; sourceTree = "<group>"; };
		8F888C592B934CE700832B2E /* HistoryView.swift */ = {isa = PBXFileReference; lastKnownFileType = sourcecode.swift; path = HistoryView.swift; sourceTree = "<group>"; };
		8F888C5B2B934CF600832B2E /* SettingsView.swift */ = {isa = PBXFileReference; lastKnownFileType = sourcecode.swift; path = SettingsView.swift; sourceTree = "<group>"; };
		8F888C5D2B934F0500832B2E /* TranslatorView.swift */ = {isa = PBXFileReference; lastKnownFileType = sourcecode.swift; path = TranslatorView.swift; sourceTree = "<group>"; };
		8F888C602B9359C300832B2E /* Title.swift */ = {isa = PBXFileReference; lastKnownFileType = sourcecode.swift; path = Title.swift; sourceTree = "<group>"; };
		8F888C632B936FE600832B2E /* HistoryList.swift */ = {isa = PBXFileReference; lastKnownFileType = sourcecode.swift; path = HistoryList.swift; sourceTree = "<group>"; };
		8F888C662B93701F00832B2E /* HistoryListItem.swift */ = {isa = PBXFileReference; lastKnownFileType = sourcecode.swift; path = HistoryListItem.swift; sourceTree = "<group>"; };
		8F888C6B2B93843F00832B2E /* VideoButton.swift */ = {isa = PBXFileReference; lastKnownFileType = sourcecode.swift; path = VideoButton.swift; sourceTree = "<group>"; };
		8F888C6F2B93F75C00832B2E /* UserProfile.swift */ = {isa = PBXFileReference; lastKnownFileType = sourcecode.swift; path = UserProfile.swift; sourceTree = "<group>"; };
		8F888C722B93F78F00832B2E /* ListSettingItem.swift */ = {isa = PBXFileReference; lastKnownFileType = sourcecode.swift; path = ListSettingItem.swift; sourceTree = "<group>"; };
		8F888C752B9406CF00832B2E /* ListSettings.swift */ = {isa = PBXFileReference; lastKnownFileType = sourcecode.swift; path = ListSettings.swift; sourceTree = "<group>"; };
		949DA73F2BEF561C008F12B5 /* H264Encoder.swift */ = {isa = PBXFileReference; fileEncoding = 4; lastKnownFileType = sourcecode.swift; path = H264Encoder.swift; sourceTree = "<group>"; };
		949DA7422BEF5647008F12B5 /* VideoCaptureView.swift */ = {isa = PBXFileReference; fileEncoding = 4; lastKnownFileType = sourcecode.swift; path = VideoCaptureView.swift; sourceTree = "<group>"; };
		949DA7432BEF5647008F12B5 /* CameraView.swift */ = {isa = PBXFileReference; fileEncoding = 4; lastKnownFileType = sourcecode.swift; path = CameraView.swift; sourceTree = "<group>"; };
		94E962662BF115FC00CD7DDA /* AboutView.swift */ = {isa = PBXFileReference; lastKnownFileType = sourcecode.swift; path = AboutView.swift; sourceTree = "<group>"; };
		CE4D183C2BEB5285009DD421 /* EditAccountView.swift */ = {isa = PBXFileReference; lastKnownFileType = sourcecode.swift; path = EditAccountView.swift; sourceTree = "<group>"; };
		CE4D183F2BEB5964009DD421 /* EditAccountItem.swift */ = {isa = PBXFileReference; lastKnownFileType = sourcecode.swift; path = EditAccountItem.swift; sourceTree = "<group>"; };
		CE4D18422BEB60EB009DD421 /* SimpleButton.swift */ = {isa = PBXFileReference; lastKnownFileType = sourcecode.swift; path = SimpleButton.swift; sourceTree = "<group>"; };
		CE4D18452BEB75B2009DD421 /* CustomNavBarView.swift */ = {isa = PBXFileReference; lastKnownFileType = sourcecode.swift; path = CustomNavBarView.swift; sourceTree = "<group>"; };
		CE4D18472BEB7712009DD421 /* CustomNavBarContainerView.swift */ = {isa = PBXFileReference; lastKnownFileType = sourcecode.swift; path = CustomNavBarContainerView.swift; sourceTree = "<group>"; };
		CE4D18492BEB7A1C009DD421 /* CustomNavLink.swift */ = {isa = PBXFileReference; lastKnownFileType = sourcecode.swift; path = CustomNavLink.swift; sourceTree = "<group>"; };
		CE4D184B2BEB9733009DD421 /* SubscriptionView.swift */ = {isa = PBXFileReference; lastKnownFileType = sourcecode.swift; path = SubscriptionView.swift; sourceTree = "<group>"; };
/* End PBXFileReference section */

/* Begin PBXFrameworksBuildPhase section */
		16D318E92B91FE8300BE36DC /* Frameworks */ = {
			isa = PBXFrameworksBuildPhase;
			buildActionMask = 2147483647;
			files = (
			);
			runOnlyForDeploymentPostprocessing = 0;
		};
		16D318FA2B91FE8700BE36DC /* Frameworks */ = {
			isa = PBXFrameworksBuildPhase;
			buildActionMask = 2147483647;
			files = (
			);
			runOnlyForDeploymentPostprocessing = 0;
		};
		16D319042B91FE8700BE36DC /* Frameworks */ = {
			isa = PBXFrameworksBuildPhase;
			buildActionMask = 2147483647;
			files = (
			);
			runOnlyForDeploymentPostprocessing = 0;
		};
/* End PBXFrameworksBuildPhase section */

/* Begin PBXGroup section */
		16D318E32B91FE8200BE36DC = {
			isa = PBXGroup;
			children = (
				16D318EE2B91FE8300BE36DC /* MimuAI */,
				16D319002B91FE8700BE36DC /* MimuAITests */,
				16D3190A2B91FE8700BE36DC /* MimuAIUITests */,
				16D318ED2B91FE8300BE36DC /* Products */,
			);
			sourceTree = "<group>";
		};
		16D318ED2B91FE8300BE36DC /* Products */ = {
			isa = PBXGroup;
			children = (
				16D318EC2B91FE8300BE36DC /* MimuAI.app */,
				16D318FD2B91FE8700BE36DC /* MimuAITests.xctest */,
				16D319072B91FE8700BE36DC /* MimuAIUITests.xctest */,
			);
			name = Products;
			sourceTree = "<group>";
		};
		16D318EE2B91FE8300BE36DC /* MimuAI */ = {
			isa = PBXGroup;
			children = (
				16D3192B2B92301600BE36DC /* Helpers */,
				16D319242B92279600BE36DC /* Services */,
				16D319202B92228100BE36DC /* Components */,
				16D3191A2B92104D00BE36DC /* Views */,
				16D318EF2B91FE8300BE36DC /* MimuAIApp.swift */,
				16D318F32B91FE8700BE36DC /* Assets.xcassets */,
				16D318F52B91FE8700BE36DC /* MimuAI.entitlements */,
				16D318F62B91FE8700BE36DC /* Preview Content */,
			);
			path = MimuAI;
			sourceTree = "<group>";
		};
		16D318F62B91FE8700BE36DC /* Preview Content */ = {
			isa = PBXGroup;
			children = (
				16D318F72B91FE8700BE36DC /* Preview Assets.xcassets */,
			);
			path = "Preview Content";
			sourceTree = "<group>";
		};
		16D319002B91FE8700BE36DC /* MimuAITests */ = {
			isa = PBXGroup;
			children = (
				16D319012B91FE8700BE36DC /* MimuAITests.swift */,
			);
			path = MimuAITests;
			sourceTree = "<group>";
		};
		16D3190A2B91FE8700BE36DC /* MimuAIUITests */ = {
			isa = PBXGroup;
			children = (
				16D3190B2B91FE8700BE36DC /* MimuAIUITests.swift */,
				16D3190D2B91FE8700BE36DC /* MimuAIUITestsLaunchTests.swift */,
			);
			path = MimuAIUITests;
			sourceTree = "<group>";
		};
		16D3191A2B92104D00BE36DC /* Views */ = {
			isa = PBXGroup;
			children = (
				8F888C532B934C0900832B2E /* TranslatorView */,
				8F888C572B934C9400832B2E /* HistoryView */,
				8F888C582B934CBC00832B2E /* SettingsView */,
				16D3191D2B92132B00BE36DC /* Camera */,
				16D318F12B91FE8300BE36DC /* ContentView.swift */,
			);
			path = Views;
			sourceTree = "<group>";
		};
		16D3191D2B92132B00BE36DC /* Camera */ = {
			isa = PBXGroup;
			children = (
				949DA7432BEF5647008F12B5 /* CameraView.swift */,
				949DA7422BEF5647008F12B5 /* VideoCaptureView.swift */,
			);
			path = Camera;
			sourceTree = "<group>";
		};
		16D319202B92228100BE36DC /* Components */ = {
			isa = PBXGroup;
			children = (
				CE4D18442BEB758B009DD421 /* NavBar */,
				CE4D18412BEB608A009DD421 /* SimpleButton */,
				8F888C6D2B93F73600832B2E /* Settings */,
				8F888C622B936FBE00832B2E /* List */,
				8F888C5F2B93596D00832B2E /* Tittle */,
				16D319212B92228E00BE36DC /* GlowButton */,
			);
			path = Components;
			sourceTree = "<group>";
		};
		16D319212B92228E00BE36DC /* GlowButton */ = {
			isa = PBXGroup;
			children = (
				16D319222B9222AD00BE36DC /* GlowButton.swift */,
			);
			path = GlowButton;
			sourceTree = "<group>";
		};
		16D319242B92279600BE36DC /* Services */ = {
			isa = PBXGroup;
			children = (
				16D319302B92CFBE00BE36DC /* CoreAPI */,
				16D319262B9227C900BE36DC /* VideoCapture */,
			);
			path = Services;
			sourceTree = "<group>";
		};
		16D319262B9227C900BE36DC /* VideoCapture */ = {
			isa = PBXGroup;
			children = (
				16D319272B92280400BE36DC /* VideoCaptureService.swift */,
				16D319292B922AD700BE36DC /* VideoCaptureTypes.swift */,
			);
			path = VideoCapture;
			sourceTree = "<group>";
		};
		16D3192B2B92301600BE36DC /* Helpers */ = {
			isa = PBXGroup;
			children = (
				949DA7402BEF561C008F12B5 /* H264Encoder */,
			);
			path = Helpers;
			sourceTree = "<group>";
		};
		16D319302B92CFBE00BE36DC /* CoreAPI */ = {
			isa = PBXGroup;
			children = (
				16D319312B92CFCF00BE36DC /* CoreAPIService.swift */,
				16D319332B92D08D00BE36DC /* CoreAPIType.swift */,
			);
			path = CoreAPI;
			sourceTree = "<group>";
		};
		8F888C532B934C0900832B2E /* TranslatorView */ = {
			isa = PBXGroup;
			children = (
				8F888C5D2B934F0500832B2E /* TranslatorView.swift */,
			);
			path = TranslatorView;
			sourceTree = "<group>";
		};
		8F888C572B934C9400832B2E /* HistoryView */ = {
			isa = PBXGroup;
			children = (
				8F888C592B934CE700832B2E /* HistoryView.swift */,
			);
			path = HistoryView;
			sourceTree = "<group>";
		};
		8F888C582B934CBC00832B2E /* SettingsView */ = {
			isa = PBXGroup;
			children = (
				8F888C5B2B934CF600832B2E /* SettingsView.swift */,
				CE4D183C2BEB5285009DD421 /* EditAccountView.swift */,
				CE4D184B2BEB9733009DD421 /* SubscriptionView.swift */,
				94E962662BF115FC00CD7DDA /* AboutView.swift */,
			);
			path = SettingsView;
			sourceTree = "<group>";
		};
		8F888C5F2B93596D00832B2E /* Tittle */ = {
			isa = PBXGroup;
			children = (
				8F888C602B9359C300832B2E /* Title.swift */,
			);
			path = Tittle;
			sourceTree = "<group>";
		};
		8F888C622B936FBE00832B2E /* List */ = {
			isa = PBXGroup;
			children = (
				8F888C742B9406B900832B2E /* ListSetting */,
				8F888C6A2B93842600832B2E /* VideoButton */,
				8F888C652B93700100832B2E /* HistoryListItem */,
				8F888C632B936FE600832B2E /* HistoryList.swift */,
			);
			path = List;
			sourceTree = "<group>";
		};
		8F888C652B93700100832B2E /* HistoryListItem */ = {
			isa = PBXGroup;
			children = (
				8F888C662B93701F00832B2E /* HistoryListItem.swift */,
			);
			path = HistoryListItem;
			sourceTree = "<group>";
		};
		8F888C6A2B93842600832B2E /* VideoButton */ = {
			isa = PBXGroup;
			children = (
				8F888C6B2B93843F00832B2E /* VideoButton.swift */,
			);
			path = VideoButton;
			sourceTree = "<group>";
		};
		8F888C6D2B93F73600832B2E /* Settings */ = {
			isa = PBXGroup;
			children = (
				CE4D183E2BEB5945009DD421 /* EditAccount */,
				8F888C712B93F76B00832B2E /* ListSettings */,
				8F888C6E2B93F74400832B2E /* Profile */,
			);
			path = Settings;
			sourceTree = "<group>";
		};
		8F888C6E2B93F74400832B2E /* Profile */ = {
			isa = PBXGroup;
			children = (
				8F888C6F2B93F75C00832B2E /* UserProfile.swift */,
			);
			path = Profile;
			sourceTree = "<group>";
		};
		8F888C712B93F76B00832B2E /* ListSettings */ = {
			isa = PBXGroup;
			children = (
				8F888C722B93F78F00832B2E /* ListSettingItem.swift */,
			);
			path = ListSettings;
			sourceTree = "<group>";
		};
		8F888C742B9406B900832B2E /* ListSetting */ = {
			isa = PBXGroup;
			children = (
				8F888C752B9406CF00832B2E /* ListSettings.swift */,
			);
			path = ListSetting;
			sourceTree = "<group>";
		};
		949DA7402BEF561C008F12B5 /* H264Encoder */ = {
			isa = PBXGroup;
			children = (
				949DA73F2BEF561C008F12B5 /* H264Encoder.swift */,
			);
			path = H264Encoder;
			sourceTree = "<group>";
		};
		CE4D183E2BEB5945009DD421 /* EditAccount */ = {
			isa = PBXGroup;
			children = (
				CE4D183F2BEB5964009DD421 /* EditAccountItem.swift */,
			);
			path = EditAccount;
			sourceTree = "<group>";
		};
		CE4D18412BEB608A009DD421 /* SimpleButton */ = {
			isa = PBXGroup;
			children = (
				CE4D18422BEB60EB009DD421 /* SimpleButton.swift */,
			);
			path = SimpleButton;
			sourceTree = "<group>";
		};
		CE4D18442BEB758B009DD421 /* NavBar */ = {
			isa = PBXGroup;
			children = (
				CE4D18452BEB75B2009DD421 /* CustomNavBarView.swift */,
				CE4D18472BEB7712009DD421 /* CustomNavBarContainerView.swift */,
				CE4D18492BEB7A1C009DD421 /* CustomNavLink.swift */,
			);
			path = NavBar;
			sourceTree = "<group>";
		};
/* End PBXGroup section */

/* Begin PBXNativeTarget section */
		16D318EB2B91FE8300BE36DC /* MimuAI */ = {
			isa = PBXNativeTarget;
			buildConfigurationList = 16D319112B91FE8700BE36DC /* Build configuration list for PBXNativeTarget "MimuAI" */;
			buildPhases = (
				16D318E82B91FE8300BE36DC /* Sources */,
				16D318E92B91FE8300BE36DC /* Frameworks */,
				16D318EA2B91FE8300BE36DC /* Resources */,
			);
			buildRules = (
			);
			dependencies = (
			);
			name = MimuAI;
			productName = MimuAI;
			productReference = 16D318EC2B91FE8300BE36DC /* MimuAI.app */;
			productType = "com.apple.product-type.application";
		};
		16D318FC2B91FE8700BE36DC /* MimuAITests */ = {
			isa = PBXNativeTarget;
			buildConfigurationList = 16D319142B91FE8700BE36DC /* Build configuration list for PBXNativeTarget "MimuAITests" */;
			buildPhases = (
				16D318F92B91FE8700BE36DC /* Sources */,
				16D318FA2B91FE8700BE36DC /* Frameworks */,
				16D318FB2B91FE8700BE36DC /* Resources */,
			);
			buildRules = (
			);
			dependencies = (
				16D318FF2B91FE8700BE36DC /* PBXTargetDependency */,
			);
			name = MimuAITests;
			productName = MimuAITests;
			productReference = 16D318FD2B91FE8700BE36DC /* MimuAITests.xctest */;
			productType = "com.apple.product-type.bundle.unit-test";
		};
		16D319062B91FE8700BE36DC /* MimuAIUITests */ = {
			isa = PBXNativeTarget;
			buildConfigurationList = 16D319172B91FE8700BE36DC /* Build configuration list for PBXNativeTarget "MimuAIUITests" */;
			buildPhases = (
				16D319032B91FE8700BE36DC /* Sources */,
				16D319042B91FE8700BE36DC /* Frameworks */,
				16D319052B91FE8700BE36DC /* Resources */,
			);
			buildRules = (
			);
			dependencies = (
				16D319092B91FE8700BE36DC /* PBXTargetDependency */,
			);
			name = MimuAIUITests;
			productName = MimuAIUITests;
			productReference = 16D319072B91FE8700BE36DC /* MimuAIUITests.xctest */;
			productType = "com.apple.product-type.bundle.ui-testing";
		};
/* End PBXNativeTarget section */

/* Begin PBXProject section */
		16D318E42B91FE8300BE36DC /* Project object */ = {
			isa = PBXProject;
			attributes = {
				BuildIndependentTargetsInParallel = 1;
				LastSwiftUpdateCheck = 1520;
				LastUpgradeCheck = 1520;
				TargetAttributes = {
					16D318EB2B91FE8300BE36DC = {
						CreatedOnToolsVersion = 15.2;
					};
					16D318FC2B91FE8700BE36DC = {
						CreatedOnToolsVersion = 15.2;
						TestTargetID = 16D318EB2B91FE8300BE36DC;
					};
					16D319062B91FE8700BE36DC = {
						CreatedOnToolsVersion = 15.2;
						TestTargetID = 16D318EB2B91FE8300BE36DC;
					};
				};
			};
			buildConfigurationList = 16D318E72B91FE8300BE36DC /* Build configuration list for PBXProject "MimuAI" */;
			compatibilityVersion = "Xcode 14.0";
			developmentRegion = en;
			hasScannedForEncodings = 0;
			knownRegions = (
				en,
				Base,
			);
			mainGroup = 16D318E32B91FE8200BE36DC;
			productRefGroup = 16D318ED2B91FE8300BE36DC /* Products */;
			projectDirPath = "";
			projectRoot = "";
			targets = (
				16D318EB2B91FE8300BE36DC /* MimuAI */,
				16D318FC2B91FE8700BE36DC /* MimuAITests */,
				16D319062B91FE8700BE36DC /* MimuAIUITests */,
			);
		};
/* End PBXProject section */

/* Begin PBXResourcesBuildPhase section */
		16D318EA2B91FE8300BE36DC /* Resources */ = {
			isa = PBXResourcesBuildPhase;
			buildActionMask = 2147483647;
			files = (
				16D318F82B91FE8700BE36DC /* Preview Assets.xcassets in Resources */,
				16D318F42B91FE8700BE36DC /* Assets.xcassets in Resources */,
			);
			runOnlyForDeploymentPostprocessing = 0;
		};
		16D318FB2B91FE8700BE36DC /* Resources */ = {
			isa = PBXResourcesBuildPhase;
			buildActionMask = 2147483647;
			files = (
			);
			runOnlyForDeploymentPostprocessing = 0;
		};
		16D319052B91FE8700BE36DC /* Resources */ = {
			isa = PBXResourcesBuildPhase;
			buildActionMask = 2147483647;
			files = (
			);
			runOnlyForDeploymentPostprocessing = 0;
		};
/* End PBXResourcesBuildPhase section */

/* Begin PBXSourcesBuildPhase section */
		16D318E82B91FE8300BE36DC /* Sources */ = {
			isa = PBXSourcesBuildPhase;
			buildActionMask = 2147483647;
			files = (
				8F888C672B93701F00832B2E /* HistoryListItem.swift in Sources */,
				16D3192A2B922AD700BE36DC /* VideoCaptureTypes.swift in Sources */,
				8F888C762B9406CF00832B2E /* ListSettings.swift in Sources */,
				8F888C702B93F75C00832B2E /* UserProfile.swift in Sources */,
				16D319282B92280400BE36DC /* VideoCaptureService.swift in Sources */,
				8F888C612B9359C300832B2E /* Title.swift in Sources */,
				16D319232B9222AD00BE36DC /* GlowButton.swift in Sources */,
				16D318F22B91FE8300BE36DC /* ContentView.swift in Sources */,
				94E962672BF115FC00CD7DDA /* AboutView.swift in Sources */,
				8F888C5E2B934F0500832B2E /* TranslatorView.swift in Sources */,
				CE4D183D2BEB5285009DD421 /* EditAccountView.swift in Sources */,
				8F888C6C2B93843F00832B2E /* VideoButton.swift in Sources */,
				949DA7442BEF5647008F12B5 /* VideoCaptureView.swift in Sources */,
				949DA7412BEF561C008F12B5 /* H264Encoder.swift in Sources */,
				8F888C732B93F78F00832B2E /* ListSettingItem.swift in Sources */,
				8F888C642B936FE600832B2E /* HistoryList.swift in Sources */,
				CE4D184A2BEB7A1C009DD421 /* CustomNavLink.swift in Sources */,
				8F888C5C2B934CF600832B2E /* SettingsView.swift in Sources */,
				16D318F02B91FE8300BE36DC /* MimuAIApp.swift in Sources */,
				16D319342B92D08D00BE36DC /* CoreAPIType.swift in Sources */,
				CE4D184C2BEB9733009DD421 /* SubscriptionView.swift in Sources */,
				8F888C5A2B934CE700832B2E /* HistoryView.swift in Sources */,
				949DA7452BEF5647008F12B5 /* CameraView.swift in Sources */,
				16D319322B92CFCF00BE36DC /* CoreAPIService.swift in Sources */,
				CE4D18462BEB75B2009DD421 /* CustomNavBarView.swift in Sources */,
				CE4D18482BEB7712009DD421 /* CustomNavBarContainerView.swift in Sources */,
				CE4D18402BEB5964009DD421 /* EditAccountItem.swift in Sources */,
				CE4D18432BEB60EB009DD421 /* SimpleButton.swift in Sources */,
			);
			runOnlyForDeploymentPostprocessing = 0;
		};
		16D318F92B91FE8700BE36DC /* Sources */ = {
			isa = PBXSourcesBuildPhase;
			buildActionMask = 2147483647;
			files = (
				16D319022B91FE8700BE36DC /* MimuAITests.swift in Sources */,
			);
			runOnlyForDeploymentPostprocessing = 0;
		};
		16D319032B91FE8700BE36DC /* Sources */ = {
			isa = PBXSourcesBuildPhase;
			buildActionMask = 2147483647;
			files = (
				16D3190E2B91FE8700BE36DC /* MimuAIUITestsLaunchTests.swift in Sources */,
				16D3190C2B91FE8700BE36DC /* MimuAIUITests.swift in Sources */,
			);
			runOnlyForDeploymentPostprocessing = 0;
		};
/* End PBXSourcesBuildPhase section */

/* Begin PBXTargetDependency section */
		16D318FF2B91FE8700BE36DC /* PBXTargetDependency */ = {
			isa = PBXTargetDependency;
			target = 16D318EB2B91FE8300BE36DC /* MimuAI */;
			targetProxy = 16D318FE2B91FE8700BE36DC /* PBXContainerItemProxy */;
		};
		16D319092B91FE8700BE36DC /* PBXTargetDependency */ = {
			isa = PBXTargetDependency;
			target = 16D318EB2B91FE8300BE36DC /* MimuAI */;
			targetProxy = 16D319082B91FE8700BE36DC /* PBXContainerItemProxy */;
		};
/* End PBXTargetDependency section */

/* Begin XCBuildConfiguration section */
		16D3190F2B91FE8700BE36DC /* Debug */ = {
			isa = XCBuildConfiguration;
			buildSettings = {
				ALWAYS_SEARCH_USER_PATHS = NO;
				ASSETCATALOG_COMPILER_GENERATE_SWIFT_ASSET_SYMBOL_EXTENSIONS = YES;
				CLANG_ANALYZER_NONNULL = YES;
				CLANG_ANALYZER_NUMBER_OBJECT_CONVERSION = YES_AGGRESSIVE;
				CLANG_CXX_LANGUAGE_STANDARD = "gnu++20";
				CLANG_ENABLE_MODULES = YES;
				CLANG_ENABLE_OBJC_ARC = YES;
				CLANG_ENABLE_OBJC_WEAK = YES;
				CLANG_WARN_BLOCK_CAPTURE_AUTORELEASING = YES;
				CLANG_WARN_BOOL_CONVERSION = YES;
				CLANG_WARN_COMMA = YES;
				CLANG_WARN_CONSTANT_CONVERSION = YES;
				CLANG_WARN_DEPRECATED_OBJC_IMPLEMENTATIONS = YES;
				CLANG_WARN_DIRECT_OBJC_ISA_USAGE = YES_ERROR;
				CLANG_WARN_DOCUMENTATION_COMMENTS = YES;
				CLANG_WARN_EMPTY_BODY = YES;
				CLANG_WARN_ENUM_CONVERSION = YES;
				CLANG_WARN_INFINITE_RECURSION = YES;
				CLANG_WARN_INT_CONVERSION = YES;
				CLANG_WARN_NON_LITERAL_NULL_CONVERSION = YES;
				CLANG_WARN_OBJC_IMPLICIT_RETAIN_SELF = YES;
				CLANG_WARN_OBJC_LITERAL_CONVERSION = YES;
				CLANG_WARN_OBJC_ROOT_CLASS = YES_ERROR;
				CLANG_WARN_QUOTED_INCLUDE_IN_FRAMEWORK_HEADER = YES;
				CLANG_WARN_RANGE_LOOP_ANALYSIS = YES;
				CLANG_WARN_STRICT_PROTOTYPES = YES;
				CLANG_WARN_SUSPICIOUS_MOVE = YES;
				CLANG_WARN_UNGUARDED_AVAILABILITY = YES_AGGRESSIVE;
				CLANG_WARN_UNREACHABLE_CODE = YES;
				CLANG_WARN__DUPLICATE_METHOD_MATCH = YES;
				COPY_PHASE_STRIP = NO;
				DEBUG_INFORMATION_FORMAT = dwarf;
				ENABLE_STRICT_OBJC_MSGSEND = YES;
				ENABLE_TESTABILITY = YES;
				ENABLE_USER_SCRIPT_SANDBOXING = YES;
				GCC_C_LANGUAGE_STANDARD = gnu17;
				GCC_DYNAMIC_NO_PIC = NO;
				GCC_NO_COMMON_BLOCKS = YES;
				GCC_OPTIMIZATION_LEVEL = 0;
				GCC_PREPROCESSOR_DEFINITIONS = (
					"DEBUG=1",
					"$(inherited)",
				);
				GCC_WARN_64_TO_32_BIT_CONVERSION = YES;
				GCC_WARN_ABOUT_RETURN_TYPE = YES_ERROR;
				GCC_WARN_UNDECLARED_SELECTOR = YES;
				GCC_WARN_UNINITIALIZED_AUTOS = YES_AGGRESSIVE;
				GCC_WARN_UNUSED_FUNCTION = YES;
				GCC_WARN_UNUSED_VARIABLE = YES;
				LOCALIZATION_PREFERS_STRING_CATALOGS = YES;
				MTL_ENABLE_DEBUG_INFO = INCLUDE_SOURCE;
				MTL_FAST_MATH = YES;
				ONLY_ACTIVE_ARCH = YES;
				SWIFT_ACTIVE_COMPILATION_CONDITIONS = "DEBUG $(inherited)";
				SWIFT_OPTIMIZATION_LEVEL = "-Onone";
			};
			name = Debug;
		};
		16D319102B91FE8700BE36DC /* Release */ = {
			isa = XCBuildConfiguration;
			buildSettings = {
				ALWAYS_SEARCH_USER_PATHS = NO;
				ASSETCATALOG_COMPILER_GENERATE_SWIFT_ASSET_SYMBOL_EXTENSIONS = YES;
				CLANG_ANALYZER_NONNULL = YES;
				CLANG_ANALYZER_NUMBER_OBJECT_CONVERSION = YES_AGGRESSIVE;
				CLANG_CXX_LANGUAGE_STANDARD = "gnu++20";
				CLANG_ENABLE_MODULES = YES;
				CLANG_ENABLE_OBJC_ARC = YES;
				CLANG_ENABLE_OBJC_WEAK = YES;
				CLANG_WARN_BLOCK_CAPTURE_AUTORELEASING = YES;
				CLANG_WARN_BOOL_CONVERSION = YES;
				CLANG_WARN_COMMA = YES;
				CLANG_WARN_CONSTANT_CONVERSION = YES;
				CLANG_WARN_DEPRECATED_OBJC_IMPLEMENTATIONS = YES;
				CLANG_WARN_DIRECT_OBJC_ISA_USAGE = YES_ERROR;
				CLANG_WARN_DOCUMENTATION_COMMENTS = YES;
				CLANG_WARN_EMPTY_BODY = YES;
				CLANG_WARN_ENUM_CONVERSION = YES;
				CLANG_WARN_INFINITE_RECURSION = YES;
				CLANG_WARN_INT_CONVERSION = YES;
				CLANG_WARN_NON_LITERAL_NULL_CONVERSION = YES;
				CLANG_WARN_OBJC_IMPLICIT_RETAIN_SELF = YES;
				CLANG_WARN_OBJC_LITERAL_CONVERSION = YES;
				CLANG_WARN_OBJC_ROOT_CLASS = YES_ERROR;
				CLANG_WARN_QUOTED_INCLUDE_IN_FRAMEWORK_HEADER = YES;
				CLANG_WARN_RANGE_LOOP_ANALYSIS = YES;
				CLANG_WARN_STRICT_PROTOTYPES = YES;
				CLANG_WARN_SUSPICIOUS_MOVE = YES;
				CLANG_WARN_UNGUARDED_AVAILABILITY = YES_AGGRESSIVE;
				CLANG_WARN_UNREACHABLE_CODE = YES;
				CLANG_WARN__DUPLICATE_METHOD_MATCH = YES;
				COPY_PHASE_STRIP = NO;
				DEBUG_INFORMATION_FORMAT = "dwarf-with-dsym";
				ENABLE_NS_ASSERTIONS = NO;
				ENABLE_STRICT_OBJC_MSGSEND = YES;
				ENABLE_USER_SCRIPT_SANDBOXING = YES;
				GCC_C_LANGUAGE_STANDARD = gnu17;
				GCC_NO_COMMON_BLOCKS = YES;
				GCC_WARN_64_TO_32_BIT_CONVERSION = YES;
				GCC_WARN_ABOUT_RETURN_TYPE = YES_ERROR;
				GCC_WARN_UNDECLARED_SELECTOR = YES;
				GCC_WARN_UNINITIALIZED_AUTOS = YES_AGGRESSIVE;
				GCC_WARN_UNUSED_FUNCTION = YES;
				GCC_WARN_UNUSED_VARIABLE = YES;
				LOCALIZATION_PREFERS_STRING_CATALOGS = YES;
				MTL_ENABLE_DEBUG_INFO = NO;
				MTL_FAST_MATH = YES;
				SWIFT_COMPILATION_MODE = wholemodule;
			};
			name = Release;
		};
		16D319122B91FE8700BE36DC /* Debug */ = {
			isa = XCBuildConfiguration;
			buildSettings = {
				ASSETCATALOG_COMPILER_APPICON_NAME = AppIcon;
				ASSETCATALOG_COMPILER_GLOBAL_ACCENT_COLOR_NAME = AccentColor;
				CODE_SIGN_ENTITLEMENTS = MimuAI/MimuAI.entitlements;
				CODE_SIGN_STYLE = Automatic;
				CURRENT_PROJECT_VERSION = 1;
				DEVELOPMENT_ASSET_PATHS = "\"MimuAI/Preview Content\"";
				DEVELOPMENT_TEAM = B327V35KZM;
				ENABLE_HARDENED_RUNTIME = YES;
				ENABLE_PREVIEWS = YES;
				GENERATE_INFOPLIST_FILE = YES;
				INFOPLIST_KEY_NSCameraUsageDescription = "Capture sign language";
				"INFOPLIST_KEY_UIApplicationSceneManifest_Generation[sdk=iphoneos*]" = YES;
				"INFOPLIST_KEY_UIApplicationSceneManifest_Generation[sdk=iphonesimulator*]" = YES;
				"INFOPLIST_KEY_UIApplicationSupportsIndirectInputEvents[sdk=iphoneos*]" = YES;
				"INFOPLIST_KEY_UIApplicationSupportsIndirectInputEvents[sdk=iphonesimulator*]" = YES;
				"INFOPLIST_KEY_UILaunchScreen_Generation[sdk=iphoneos*]" = YES;
				"INFOPLIST_KEY_UILaunchScreen_Generation[sdk=iphonesimulator*]" = YES;
				"INFOPLIST_KEY_UIStatusBarStyle[sdk=iphoneos*]" = UIStatusBarStyleDefault;
				"INFOPLIST_KEY_UIStatusBarStyle[sdk=iphonesimulator*]" = UIStatusBarStyleDefault;
				INFOPLIST_KEY_UISupportedInterfaceOrientations_iPad = "UIInterfaceOrientationPortrait UIInterfaceOrientationPortraitUpsideDown UIInterfaceOrientationLandscapeLeft UIInterfaceOrientationLandscapeRight";
				INFOPLIST_KEY_UISupportedInterfaceOrientations_iPhone = "UIInterfaceOrientationPortrait UIInterfaceOrientationLandscapeLeft UIInterfaceOrientationLandscapeRight";
				IPHONEOS_DEPLOYMENT_TARGET = 17.2;
				LD_RUNPATH_SEARCH_PATHS = "@executable_path/Frameworks";
				"LD_RUNPATH_SEARCH_PATHS[sdk=macosx*]" = "@executable_path/../Frameworks";
				MACOSX_DEPLOYMENT_TARGET = 14.2;
				MARKETING_VERSION = 1.0;
				PRODUCT_BUNDLE_IDENTIFIER = com.coffeewithegg123.MimuAI;
				PRODUCT_NAME = "$(TARGET_NAME)";
				SDKROOT = auto;
				SUPPORTED_PLATFORMS = "iphoneos iphonesimulator macosx";
				SWIFT_EMIT_LOC_STRINGS = YES;
				SWIFT_VERSION = 5.0;
				TARGETED_DEVICE_FAMILY = "1,2";
			};
			name = Debug;
		};
		16D319132B91FE8700BE36DC /* Release */ = {
			isa = XCBuildConfiguration;
			buildSettings = {
				ASSETCATALOG_COMPILER_APPICON_NAME = AppIcon;
				ASSETCATALOG_COMPILER_GLOBAL_ACCENT_COLOR_NAME = AccentColor;
				CODE_SIGN_ENTITLEMENTS = MimuAI/MimuAI.entitlements;
				CODE_SIGN_STYLE = Automatic;
				CURRENT_PROJECT_VERSION = 1;
				DEVELOPMENT_ASSET_PATHS = "\"MimuAI/Preview Content\"";
				DEVELOPMENT_TEAM = B327V35KZM;
				ENABLE_HARDENED_RUNTIME = YES;
				ENABLE_PREVIEWS = YES;
				GENERATE_INFOPLIST_FILE = YES;
				INFOPLIST_KEY_NSCameraUsageDescription = "Capture sign language";
				"INFOPLIST_KEY_UIApplicationSceneManifest_Generation[sdk=iphoneos*]" = YES;
				"INFOPLIST_KEY_UIApplicationSceneManifest_Generation[sdk=iphonesimulator*]" = YES;
				"INFOPLIST_KEY_UIApplicationSupportsIndirectInputEvents[sdk=iphoneos*]" = YES;
				"INFOPLIST_KEY_UIApplicationSupportsIndirectInputEvents[sdk=iphonesimulator*]" = YES;
				"INFOPLIST_KEY_UILaunchScreen_Generation[sdk=iphoneos*]" = YES;
				"INFOPLIST_KEY_UILaunchScreen_Generation[sdk=iphonesimulator*]" = YES;
				"INFOPLIST_KEY_UIStatusBarStyle[sdk=iphoneos*]" = UIStatusBarStyleDefault;
				"INFOPLIST_KEY_UIStatusBarStyle[sdk=iphonesimulator*]" = UIStatusBarStyleDefault;
				INFOPLIST_KEY_UISupportedInterfaceOrientations_iPad = "UIInterfaceOrientationPortrait UIInterfaceOrientationPortraitUpsideDown UIInterfaceOrientationLandscapeLeft UIInterfaceOrientationLandscapeRight";
				INFOPLIST_KEY_UISupportedInterfaceOrientations_iPhone = "UIInterfaceOrientationPortrait UIInterfaceOrientationLandscapeLeft UIInterfaceOrientationLandscapeRight";
				IPHONEOS_DEPLOYMENT_TARGET = 17.2;
				LD_RUNPATH_SEARCH_PATHS = "@executable_path/Frameworks";
				"LD_RUNPATH_SEARCH_PATHS[sdk=macosx*]" = "@executable_path/../Frameworks";
				MACOSX_DEPLOYMENT_TARGET = 14.2;
				MARKETING_VERSION = 1.0;
				PRODUCT_BUNDLE_IDENTIFIER = com.coffeewithegg123.MimuAI;
				PRODUCT_NAME = "$(TARGET_NAME)";
				SDKROOT = auto;
				SUPPORTED_PLATFORMS = "iphoneos iphonesimulator macosx";
				SWIFT_EMIT_LOC_STRINGS = YES;
				SWIFT_VERSION = 5.0;
				TARGETED_DEVICE_FAMILY = "1,2";
			};
			name = Release;
		};
		16D319152B91FE8700BE36DC /* Debug */ = {
			isa = XCBuildConfiguration;
			buildSettings = {
				ALWAYS_EMBED_SWIFT_STANDARD_LIBRARIES = YES;
				BUNDLE_LOADER = "$(TEST_HOST)";
				CODE_SIGN_STYLE = Automatic;
				CURRENT_PROJECT_VERSION = 1;
				DEVELOPMENT_TEAM = C4A2XPYW33;
				GENERATE_INFOPLIST_FILE = YES;
				IPHONEOS_DEPLOYMENT_TARGET = 17.2;
				MACOSX_DEPLOYMENT_TARGET = 14.2;
				MARKETING_VERSION = 1.0;
				PRODUCT_BUNDLE_IDENTIFIER = com.coffeewithegg.MimuAITests;
				PRODUCT_NAME = "$(TARGET_NAME)";
				SDKROOT = auto;
				SUPPORTED_PLATFORMS = "iphoneos iphonesimulator macosx";
				SWIFT_EMIT_LOC_STRINGS = NO;
				SWIFT_VERSION = 5.0;
				TARGETED_DEVICE_FAMILY = "1,2";
				TEST_HOST = "$(BUILT_PRODUCTS_DIR)/MimuAI.app/$(BUNDLE_EXECUTABLE_FOLDER_PATH)/MimuAI";
			};
			name = Debug;
		};
		16D319162B91FE8700BE36DC /* Release */ = {
			isa = XCBuildConfiguration;
			buildSettings = {
				ALWAYS_EMBED_SWIFT_STANDARD_LIBRARIES = YES;
				BUNDLE_LOADER = "$(TEST_HOST)";
				CODE_SIGN_STYLE = Automatic;
				CURRENT_PROJECT_VERSION = 1;
				DEVELOPMENT_TEAM = C4A2XPYW33;
				GENERATE_INFOPLIST_FILE = YES;
				IPHONEOS_DEPLOYMENT_TARGET = 17.2;
				MACOSX_DEPLOYMENT_TARGET = 14.2;
				MARKETING_VERSION = 1.0;
				PRODUCT_BUNDLE_IDENTIFIER = com.coffeewithegg.MimuAITests;
				PRODUCT_NAME = "$(TARGET_NAME)";
				SDKROOT = auto;
				SUPPORTED_PLATFORMS = "iphoneos iphonesimulator macosx";
				SWIFT_EMIT_LOC_STRINGS = NO;
				SWIFT_VERSION = 5.0;
				TARGETED_DEVICE_FAMILY = "1,2";
				TEST_HOST = "$(BUILT_PRODUCTS_DIR)/MimuAI.app/$(BUNDLE_EXECUTABLE_FOLDER_PATH)/MimuAI";
			};
			name = Release;
		};
		16D319182B91FE8700BE36DC /* Debug */ = {
			isa = XCBuildConfiguration;
			buildSettings = {
				ALWAYS_EMBED_SWIFT_STANDARD_LIBRARIES = YES;
				CODE_SIGN_STYLE = Automatic;
				CURRENT_PROJECT_VERSION = 1;
				DEVELOPMENT_TEAM = C4A2XPYW33;
				GENERATE_INFOPLIST_FILE = YES;
				IPHONEOS_DEPLOYMENT_TARGET = 17.2;
				MACOSX_DEPLOYMENT_TARGET = 14.2;
				MARKETING_VERSION = 1.0;
				PRODUCT_BUNDLE_IDENTIFIER = com.coffeewithegg.MimuAIUITests;
				PRODUCT_NAME = "$(TARGET_NAME)";
				SDKROOT = auto;
				SUPPORTED_PLATFORMS = "iphoneos iphonesimulator macosx";
				SWIFT_EMIT_LOC_STRINGS = NO;
				SWIFT_VERSION = 5.0;
				TARGETED_DEVICE_FAMILY = "1,2";
				TEST_TARGET_NAME = MimuAI;
			};
			name = Debug;
		};
		16D319192B91FE8700BE36DC /* Release */ = {
			isa = XCBuildConfiguration;
			buildSettings = {
				ALWAYS_EMBED_SWIFT_STANDARD_LIBRARIES = YES;
				CODE_SIGN_STYLE = Automatic;
				CURRENT_PROJECT_VERSION = 1;
				DEVELOPMENT_TEAM = C4A2XPYW33;
				GENERATE_INFOPLIST_FILE = YES;
				IPHONEOS_DEPLOYMENT_TARGET = 17.2;
				MACOSX_DEPLOYMENT_TARGET = 14.2;
				MARKETING_VERSION = 1.0;
				PRODUCT_BUNDLE_IDENTIFIER = com.coffeewithegg.MimuAIUITests;
				PRODUCT_NAME = "$(TARGET_NAME)";
				SDKROOT = auto;
				SUPPORTED_PLATFORMS = "iphoneos iphonesimulator macosx";
				SWIFT_EMIT_LOC_STRINGS = NO;
				SWIFT_VERSION = 5.0;
				TARGETED_DEVICE_FAMILY = "1,2";
				TEST_TARGET_NAME = MimuAI;
			};
			name = Release;
		};
/* End XCBuildConfiguration section */

/* Begin XCConfigurationList section */
		16D318E72B91FE8300BE36DC /* Build configuration list for PBXProject "MimuAI" */ = {
			isa = XCConfigurationList;
			buildConfigurations = (
				16D3190F2B91FE8700BE36DC /* Debug */,
				16D319102B91FE8700BE36DC /* Release */,
			);
			defaultConfigurationIsVisible = 0;
			defaultConfigurationName = Release;
		};
		16D319112B91FE8700BE36DC /* Build configuration list for PBXNativeTarget "MimuAI" */ = {
			isa = XCConfigurationList;
			buildConfigurations = (
				16D319122B91FE8700BE36DC /* Debug */,
				16D319132B91FE8700BE36DC /* Release */,
			);
			defaultConfigurationIsVisible = 0;
			defaultConfigurationName = Release;
		};
		16D319142B91FE8700BE36DC /* Build configuration list for PBXNativeTarget "MimuAITests" */ = {
			isa = XCConfigurationList;
			buildConfigurations = (
				16D319152B91FE8700BE36DC /* Debug */,
				16D319162B91FE8700BE36DC /* Release */,
			);
			defaultConfigurationIsVisible = 0;
			defaultConfigurationName = Release;
		};
		16D319172B91FE8700BE36DC /* Build configuration list for PBXNativeTarget "MimuAIUITests" */ = {
			isa = XCConfigurationList;
			buildConfigurations = (
				16D319182B91FE8700BE36DC /* Debug */,
				16D319192B91FE8700BE36DC /* Release */,
			);
			defaultConfigurationIsVisible = 0;
			defaultConfigurationName = Release;
		};
/* End XCConfigurationList section */
	};
	rootObject = 16D318E42B91FE8300BE36DC /* Project object */;
}
